
Microsoft Visual Studio Solution File, Format Version 12.00
# Visual Studio Version 16
VisualStudioVersion = 16.0.31624.102
MinimumVisualStudioVersion = 10.0.40219.1
Project("{FAE04EC0-301F-11D3-BF4B-00C04F79EFBC}") = "PopitkaSto", "PopitkaSto\PopitkaSto.csproj", "{F50174FF-A7E0-4BA0-9A09-01E63A6DEF9A}"
EndProject
Global
	GlobalSection(SolutionConfigurationPlatforms) = preSolution
		Debug|Any CPU = Debug|Any CPU
		Release|Any CPU = Release|Any CPU
	EndGlobalSection
	GlobalSection(ProjectConfigurationPlatforms) = postSolution
		{F50174FF-A7E0-4BA0-9A09-01E63A6DEF9A}.Debug|Any CPU.ActiveCfg = Debug|Any CPU
		{F50174FF-A7E0-4BA0-9A09-01E63A6DEF9A}.Debug|Any CPU.Build.0 = Debug|Any CPU
		{F50174FF-A7E0-4BA0-9A09-01E63A6DEF9A}.Release|Any CPU.ActiveCfg = Release|Any CPU
		{F50174FF-A7E0-4BA0-9A09-01E63A6DEF9A}.Release|Any CPU.Build.0 = Release|Any CPU
	EndGlobalSection
	GlobalSection(SolutionProperties) = preSolution
		HideSolutionNode = FALSE
	EndGlobalSection
	GlobalSection(ExtensibilityGlobals) = postSolution
		SolutionGuid = {6851ACB3-3E2D-42EB-99A2-BDFF7806A6F6}
	EndGlobalSection
EndGlobal
